
Microsoft Visual Studio Solution File, Format Version 12.00
# Visual Studio Version 16
VisualStudioVersion = 16.0.29306.81
MinimumVisualStudioVersion = 10.0.40219.1
Project("{FAE04EC0-301F-11D3-BF4B-00C04F79EFBC}") = "RentACar.Dal", "RentACar.Dal\RentACar.Dal.csproj", "{3A5A15CB-6D99-4535-8DD9-89A0C2364972}"
EndProject
Project("{FAE04EC0-301F-11D3-BF4B-00C04F79EFBC}") = "RentACar.Bll", "RentACar.Bll\RentACar.Bll.csproj", "{0157F57F-4292-4D69-A9DA-DFFC23E1F7B9}"
EndProject
Project("{FAE04EC0-301F-11D3-BF4B-00C04F79EFBC}") = "RentACar.Entity", "RentACar.Entity\RentACar.Entity.csproj", "{25C7C00C-8AC4-4B1F-B20D-5E054E9AD5DF}"
EndProject
Project("{FAE04EC0-301F-11D3-BF4B-00C04F79EFBC}") = "RentACar.WinFormUI", "RentACar.WinFormUI\RentACar.WinFormUI.csproj", "{6B4E5F88-D7A6-48E3-B1DD-9E35854E3ABF}"
EndProject
Global
	GlobalSection(SolutionConfigurationPlatforms) = preSolution
		Debug|Any CPU = Debug|Any CPU
		Release|Any CPU = Release|Any CPU
	EndGlobalSection
	GlobalSection(ProjectConfigurationPlatforms) = postSolution
		{3A5A15CB-6D99-4535-8DD9-89A0C2364972}.Debug|Any CPU.ActiveCfg = Debug|Any CPU
		{3A5A15CB-6D99-4535-8DD9-89A0C2364972}.Debug|Any CPU.Build.0 = Debug|Any CPU
		{3A5A15CB-6D99-4535-8DD9-89A0C2364972}.Release|Any CPU.ActiveCfg = Release|Any CPU
		{3A5A15CB-6D99-4535-8DD9-89A0C2364972}.Release|Any CPU.Build.0 = Release|Any CPU
		{0157F57F-4292-4D69-A9DA-DFFC23E1F7B9}.Debug|Any CPU.ActiveCfg = Debug|Any CPU
		{0157F57F-4292-4D69-A9DA-DFFC23E1F7B9}.Debug|Any CPU.Build.0 = Debug|Any CPU
		{0157F57F-4292-4D69-A9DA-DFFC23E1F7B9}.Release|Any CPU.ActiveCfg = Release|Any CPU
		{0157F57F-4292-4D69-A9DA-DFFC23E1F7B9}.Release|Any CPU.Build.0 = Release|Any CPU
		{25C7C00C-8AC4-4B1F-B20D-5E054E9AD5DF}.Debug|Any CPU.ActiveCfg = Debug|Any CPU
		{25C7C00C-8AC4-4B1F-B20D-5E054E9AD5DF}.Debug|Any CPU.Build.0 = Debug|Any CPU
		{25C7C00C-8AC4-4B1F-B20D-5E054E9AD5DF}.Release|Any CPU.ActiveCfg = Release|Any CPU
		{25C7C00C-8AC4-4B1F-B20D-5E054E9AD5DF}.Release|Any CPU.Build.0 = Release|Any CPU
		{6B4E5F88-D7A6-48E3-B1DD-9E35854E3ABF}.Debug|Any CPU.ActiveCfg = Debug|Any CPU
		{6B4E5F88-D7A6-48E3-B1DD-9E35854E3ABF}.Debug|Any CPU.Build.0 = Debug|Any CPU
		{6B4E5F88-D7A6-48E3-B1DD-9E35854E3ABF}.Release|Any CPU.ActiveCfg = Release|Any CPU
		{6B4E5F88-D7A6-48E3-B1DD-9E35854E3ABF}.Release|Any CPU.Build.0 = Release|Any CPU
	EndGlobalSection
	GlobalSection(SolutionProperties) = preSolution
		HideSolutionNode = FALSE
	EndGlobalSection
	GlobalSection(ExtensibilityGlobals) = postSolution
		SolutionGuid = {1EDE4083-A04E-4F63-B749-DFAE5E5B7B72}
	EndGlobalSection
EndGlobal
